
Microsoft Visual Studio Solution File, Format Version 12.00
# Visual Studio Version 17
Project("{2150E333-8FDC-42A3-9474-1A3956D46DE8}") = "CMakePredefinedTargets", "CMakePredefinedTargets", "{6C689066-B54F-384A-A7FC-5CB82E4CC4D6}"
EndProject
Project("{2150E333-8FDC-42A3-9474-1A3956D46DE8}") = "GLFW3", "GLFW3", "{6C672E35-504C-33DB-BCFA-4FDC200C3504}"
EndProject
Project("{8BC9CEB8-8B4A-11D0-8D11-00A0C91BC942}") = "ALL_BUILD", "ALL_BUILD.vcxproj", "{13863E4A-8927-3CC5-92A2-8BD316FD8CC2}"
	ProjectSection(ProjectDependencies) = postProject
		{1A79B054-34AA-317C-9EA3-37343B2212C3} = {1A79B054-34AA-317C-9EA3-37343B2212C3}
		{01F97BC8-A831-39B9-A79E-40EB3B7ACAD2} = {01F97BC8-A831-39B9-A79E-40EB3B7ACAD2}
		{62E77502-1993-3E94-A30B-3694899F02D2} = {62E77502-1993-3E94-A30B-3694899F02D2}
		{55887370-DEEE-3E8F-97ED-6F9D33999650} = {55887370-DEEE-3E8F-97ED-6F9D33999650}
	EndProjectSection
EndProject
Project("{8BC9CEB8-8B4A-11D0-8D11-00A0C91BC942}") = "INSTALL", "INSTALL.vcxproj", "{E46F41A0-F95D-3575-9ECE-D71FFEBBE886}"
	ProjectSection(ProjectDependencies) = postProject
		{13863E4A-8927-3CC5-92A2-8BD316FD8CC2} = {13863E4A-8927-3CC5-92A2-8BD316FD8CC2}
		{1A79B054-34AA-317C-9EA3-37343B2212C3} = {1A79B054-34AA-317C-9EA3-37343B2212C3}
	EndProjectSection
EndProject
Project("{8BC9CEB8-8B4A-11D0-8D11-00A0C91BC942}") = "PACKAGE", "PACKAGE.vcxproj", "{76CFAE2E-1447-3F38-9621-4BF3127595C9}"
	ProjectSection(ProjectDependencies) = postProject
		{13863E4A-8927-3CC5-92A2-8BD316FD8CC2} = {13863E4A-8927-3CC5-92A2-8BD316FD8CC2}
		{1A79B054-34AA-317C-9EA3-37343B2212C3} = {1A79B054-34AA-317C-9EA3-37343B2212C3}
	EndProjectSection
EndProject
Project("{8BC9CEB8-8B4A-11D0-8D11-00A0C91BC942}") = "ZERO_CHECK", "ZERO_CHECK.vcxproj", "{1A79B054-34AA-317C-9EA3-37343B2212C3}"
	ProjectSection(ProjectDependencies) = postProject
	EndProjectSection
EndProject
Project("{8BC9CEB8-8B4A-11D0-8D11-00A0C91BC942}") = "base", "source\base\base.vcxproj", "{01F97BC8-A831-39B9-A79E-40EB3B7ACAD2}"
	ProjectSection(ProjectDependencies) = postProject
		{1A79B054-34AA-317C-9EA3-37343B2212C3} = {1A79B054-34AA-317C-9EA3-37343B2212C3}
	EndProjectSection
EndProject
Project("{8BC9CEB8-8B4A-11D0-8D11-00A0C91BC942}") = "glfw", "external\glfw\src\glfw.vcxproj", "{62E77502-1993-3E94-A30B-3694899F02D2}"
	ProjectSection(ProjectDependencies) = postProject
		{1A79B054-34AA-317C-9EA3-37343B2212C3} = {1A79B054-34AA-317C-9EA3-37343B2212C3}
	EndProjectSection
EndProject
Project("{8BC9CEB8-8B4A-11D0-8D11-00A0C91BC942}") = "pcss", "pcss.vcxproj", "{55887370-DEEE-3E8F-97ED-6F9D33999650}"
	ProjectSection(ProjectDependencies) = postProject
		{1A79B054-34AA-317C-9EA3-37343B2212C3} = {1A79B054-34AA-317C-9EA3-37343B2212C3}
		{01F97BC8-A831-39B9-A79E-40EB3B7ACAD2} = {01F97BC8-A831-39B9-A79E-40EB3B7ACAD2}
		{62E77502-1993-3E94-A30B-3694899F02D2} = {62E77502-1993-3E94-A30B-3694899F02D2}
	EndProjectSection
EndProject
Project("{8BC9CEB8-8B4A-11D0-8D11-00A0C91BC942}") = "uninstall", "external\glfw\uninstall.vcxproj", "{A9885DA1-EBEF-3CDB-84E2-5B869EDC6412}"
	ProjectSection(ProjectDependencies) = postProject
		{1A79B054-34AA-317C-9EA3-37343B2212C3} = {1A79B054-34AA-317C-9EA3-37343B2212C3}
	EndProjectSection
EndProject
Project("{8BC9CEB8-8B4A-11D0-8D11-00A0C91BC942}") = "update_mappings", "external\glfw\src\update_mappings.vcxproj", "{509EC9D7-9694-358E-A949-7ED8046F04D6}"
	ProjectSection(ProjectDependencies) = postProject
		{1A79B054-34AA-317C-9EA3-37343B2212C3} = {1A79B054-34AA-317C-9EA3-37343B2212C3}
	EndProjectSection
EndProject
Global
	GlobalSection(SolutionConfigurationPlatforms) = preSolution
		Debug|x64 = Debug|x64
		Release|x64 = Release|x64
		MinSizeRel|x64 = MinSizeRel|x64
		RelWithDebInfo|x64 = RelWithDebInfo|x64
	EndGlobalSection
	GlobalSection(ProjectConfigurationPlatforms) = postSolution
		{13863E4A-8927-3CC5-92A2-8BD316FD8CC2}.Debug|x64.ActiveCfg = Debug|x64
		{13863E4A-8927-3CC5-92A2-8BD316FD8CC2}.Debug|x64.Build.0 = Debug|x64
		{13863E4A-8927-3CC5-92A2-8BD316FD8CC2}.Release|x64.ActiveCfg = Release|x64
		{13863E4A-8927-3CC5-92A2-8BD316FD8CC2}.Release|x64.Build.0 = Release|x64
		{13863E4A-8927-3CC5-92A2-8BD316FD8CC2}.MinSizeRel|x64.ActiveCfg = MinSizeRel|x64
		{13863E4A-8927-3CC5-92A2-8BD316FD8CC2}.MinSizeRel|x64.Build.0 = MinSizeRel|x64
		{13863E4A-8927-3CC5-92A2-8BD316FD8CC2}.RelWithDebInfo|x64.ActiveCfg = RelWithDebInfo|x64
		{13863E4A-8927-3CC5-92A2-8BD316FD8CC2}.RelWithDebInfo|x64.Build.0 = RelWithDebInfo|x64
		{E46F41A0-F95D-3575-9ECE-D71FFEBBE886}.Debug|x64.ActiveCfg = Debug|x64
		{E46F41A0-F95D-3575-9ECE-D71FFEBBE886}.Release|x64.ActiveCfg = Release|x64
		{E46F41A0-F95D-3575-9ECE-D71FFEBBE886}.MinSizeRel|x64.ActiveCfg = MinSizeRel|x64
		{E46F41A0-F95D-3575-9ECE-D71FFEBBE886}.RelWithDebInfo|x64.ActiveCfg = RelWithDebInfo|x64
		{76CFAE2E-1447-3F38-9621-4BF3127595C9}.Debug|x64.ActiveCfg = Debug|x64
		{76CFAE2E-1447-3F38-9621-4BF3127595C9}.Release|x64.ActiveCfg = Release|x64
		{76CFAE2E-1447-3F38-9621-4BF3127595C9}.MinSizeRel|x64.ActiveCfg = MinSizeRel|x64
		{76CFAE2E-1447-3F38-9621-4BF3127595C9}.RelWithDebInfo|x64.ActiveCfg = RelWithDebInfo|x64
		{1A79B054-34AA-317C-9EA3-37343B2212C3}.Debug|x64.ActiveCfg = Debug|x64
		{1A79B054-34AA-317C-9EA3-37343B2212C3}.Debug|x64.Build.0 = Debug|x64
		{1A79B054-34AA-317C-9EA3-37343B2212C3}.Release|x64.ActiveCfg = Release|x64
		{1A79B054-34AA-317C-9EA3-37343B2212C3}.Release|x64.Build.0 = Release|x64
		{1A79B054-34AA-317C-9EA3-37343B2212C3}.MinSizeRel|x64.ActiveCfg = MinSizeRel|x64
		{1A79B054-34AA-317C-9EA3-37343B2212C3}.MinSizeRel|x64.Build.0 = MinSizeRel|x64
		{1A79B054-34AA-317C-9EA3-37343B2212C3}.RelWithDebInfo|x64.ActiveCfg = RelWithDebInfo|x64
		{1A79B054-34AA-317C-9EA3-37343B2212C3}.RelWithDebInfo|x64.Build.0 = RelWithDebInfo|x64
		{01F97BC8-A831-39B9-A79E-40EB3B7ACAD2}.Debug|x64.ActiveCfg = Debug|x64
		{01F97BC8-A831-39B9-A79E-40EB3B7ACAD2}.Debug|x64.Build.0 = Debug|x64
		{01F97BC8-A831-39B9-A79E-40EB3B7ACAD2}.Release|x64.ActiveCfg = Release|x64
		{01F97BC8-A831-39B9-A79E-40EB3B7ACAD2}.Release|x64.Build.0 = Release|x64
		{01F97BC8-A831-39B9-A79E-40EB3B7ACAD2}.MinSizeRel|x64.ActiveCfg = MinSizeRel|x64
		{01F97BC8-A831-39B9-A79E-40EB3B7ACAD2}.MinSizeRel|x64.Build.0 = MinSizeRel|x64
		{01F97BC8-A831-39B9-A79E-40EB3B7ACAD2}.RelWithDebInfo|x64.ActiveCfg = RelWithDebInfo|x64
		{01F97BC8-A831-39B9-A79E-40EB3B7ACAD2}.RelWithDebInfo|x64.Build.0 = RelWithDebInfo|x64
		{62E77502-1993-3E94-A30B-3694899F02D2}.Debug|x64.ActiveCfg = Debug|x64
		{62E77502-1993-3E94-A30B-3694899F02D2}.Debug|x64.Build.0 = Debug|x64
		{62E77502-1993-3E94-A30B-3694899F02D2}.Release|x64.ActiveCfg = Release|x64
		{62E77502-1993-3E94-A30B-3694899F02D2}.Release|x64.Build.0 = Release|x64
		{62E77502-1993-3E94-A30B-3694899F02D2}.MinSizeRel|x64.ActiveCfg = MinSizeRel|x64
		{62E77502-1993-3E94-A30B-3694899F02D2}.MinSizeRel|x64.Build.0 = MinSizeRel|x64
		{62E77502-1993-3E94-A30B-3694899F02D2}.RelWithDebInfo|x64.ActiveCfg = RelWithDebInfo|x64
		{62E77502-1993-3E94-A30B-3694899F02D2}.RelWithDebInfo|x64.Build.0 = RelWithDebInfo|x64
		{55887370-DEEE-3E8F-97ED-6F9D33999650}.Debug|x64.ActiveCfg = Debug|x64
		{55887370-DEEE-3E8F-97ED-6F9D33999650}.Debug|x64.Build.0 = Debug|x64
		{55887370-DEEE-3E8F-97ED-6F9D33999650}.Release|x64.ActiveCfg = Release|x64
		{55887370-DEEE-3E8F-97ED-6F9D33999650}.Release|x64.Build.0 = Release|x64
		{55887370-DEEE-3E8F-97ED-6F9D33999650}.MinSizeRel|x64.ActiveCfg = MinSizeRel|x64
		{55887370-DEEE-3E8F-97ED-6F9D33999650}.MinSizeRel|x64.Build.0 = MinSizeRel|x64
		{55887370-DEEE-3E8F-97ED-6F9D33999650}.RelWithDebInfo|x64.ActiveCfg = RelWithDebInfo|x64
		{55887370-DEEE-3E8F-97ED-6F9D33999650}.RelWithDebInfo|x64.Build.0 = RelWithDebInfo|x64
		{A9885DA1-EBEF-3CDB-84E2-5B869EDC6412}.Debug|x64.ActiveCfg = Debug|x64
		{A9885DA1-EBEF-3CDB-84E2-5B869EDC6412}.Release|x64.ActiveCfg = Release|x64
		{A9885DA1-EBEF-3CDB-84E2-5B869EDC6412}.MinSizeRel|x64.ActiveCfg = MinSizeRel|x64
		{A9885DA1-EBEF-3CDB-84E2-5B869EDC6412}.RelWithDebInfo|x64.ActiveCfg = RelWithDebInfo|x64
		{509EC9D7-9694-358E-A949-7ED8046F04D6}.Debug|x64.ActiveCfg = Debug|x64
		{509EC9D7-9694-358E-A949-7ED8046F04D6}.Release|x64.ActiveCfg = Release|x64
		{509EC9D7-9694-358E-A949-7ED8046F04D6}.MinSizeRel|x64.ActiveCfg = MinSizeRel|x64
		{509EC9D7-9694-358E-A949-7ED8046F04D6}.RelWithDebInfo|x64.ActiveCfg = RelWithDebInfo|x64
	EndGlobalSection
	GlobalSection(NestedProjects) = preSolution
		{13863E4A-8927-3CC5-92A2-8BD316FD8CC2} = {6C689066-B54F-384A-A7FC-5CB82E4CC4D6}
		{E46F41A0-F95D-3575-9ECE-D71FFEBBE886} = {6C689066-B54F-384A-A7FC-5CB82E4CC4D6}
		{76CFAE2E-1447-3F38-9621-4BF3127595C9} = {6C689066-B54F-384A-A7FC-5CB82E4CC4D6}
		{1A79B054-34AA-317C-9EA3-37343B2212C3} = {6C689066-B54F-384A-A7FC-5CB82E4CC4D6}
		{62E77502-1993-3E94-A30B-3694899F02D2} = {6C672E35-504C-33DB-BCFA-4FDC200C3504}
		{A9885DA1-EBEF-3CDB-84E2-5B869EDC6412} = {6C672E35-504C-33DB-BCFA-4FDC200C3504}
		{509EC9D7-9694-358E-A949-7ED8046F04D6} = {6C672E35-504C-33DB-BCFA-4FDC200C3504}
	EndGlobalSection
	GlobalSection(ExtensibilityGlobals) = postSolution
		SolutionGuid = {A6DCEB4E-3D5A-3E76-BF5D-85372770F9FC}
	EndGlobalSection
	GlobalSection(ExtensibilityAddIns) = postSolution
	EndGlobalSection
EndGlobal
